PODS:
  - JVConstraintEdges (0.3.3):
    - JVContentType
    - JVDebugProcessorMacros
  - JVContentType (0.1.7)
  - JVDebugProcessorMacros (0.1.0)
  - JVTableViewCellLayoutCreator (0.2.0):
    - JVConstraintEdges

DEPENDENCIES:
  - JVTableViewCellLayoutCreator (from `../`)

SPEC REPOS:
  "https://Jasperav@bitbucket.org/Jasperav/specs.git":
    - JVConstraintEdges
    - JVContentType
    - JVDebugProcessorMacros

EXTERNAL SOURCES:
  JVTableViewCellLayoutCreator:
    :path: "../"

SPEC CHECKSUMS:
  JVConstraintEdges: d8e930af6bdc8cf33a25c46bec3137de6328835f
  JVContentType: bf617302d029baefccde48eb79edc7634fd15f55
  JVDebugProcessorMacros: 5df41f5660e5d5212c1d4c96fc0caa0800d77311
  JVTableViewCellLayoutCreator: bce2aef6e1f373bccee9a43db22d6ecc09dee49a

PODFILE CHECKSUM: 58618caf0795b17245618391f3a9425bd39ecc77

COCOAPODS: 1.6.1
